
Microsoft Visual Studio Solution File, Format Version 12.00
# Visual Studio Version 16
VisualStudioVersion = 16.0.28803.352
MinimumVisualStudioVersion = 10.0.40219.1
Project("{9A19103F-16F7-4668-BE54-9A1E7A4F7556}") = "PizzaBox_Client", "..\PizzaBox.Client\PizzaBox_Client.csproj", "{398499B3-88B5-4963-869A-86C93B5DFB86}"
EndProject
Project("{9A19103F-16F7-4668-BE54-9A1E7A4F7556}") = "PizzaBox_Domain", "..\PizzaBox_Domain\PizzaBox_Domain.csproj", "{AA6385DD-DFBC-4CFB-977C-5BC463E21E4E}"
EndProject
Project("{9A19103F-16F7-4668-BE54-9A1E7A4F7556}") = "PizzaBox_Data", "PizzaBox_Data\PizzaBox_Data.csproj", "{0C909E76-0238-4FAC-8FFB-EDD7EE583689}"
EndProject
Project("{FAE04EC0-301F-11D3-BF4B-00C04F79EFBC}") = "PizzaBox_Test", "PizzaBox_Test\PizzaBox_Test.csproj", "{0DE1CFB4-9330-42A1-971F-B9611EBA5864}"
EndProject
Global
	GlobalSection(SolutionConfigurationPlatforms) = preSolution
		Debug|Any CPU = Debug|Any CPU
		Release|Any CPU = Release|Any CPU
	EndGlobalSection
	GlobalSection(ProjectConfigurationPlatforms) = postSolution
		{398499B3-88B5-4963-869A-86C93B5DFB86}.Debug|Any CPU.ActiveCfg = Debug|Any CPU
		{398499B3-88B5-4963-869A-86C93B5DFB86}.Debug|Any CPU.Build.0 = Debug|Any CPU
		{398499B3-88B5-4963-869A-86C93B5DFB86}.Release|Any CPU.ActiveCfg = Release|Any CPU
		{398499B3-88B5-4963-869A-86C93B5DFB86}.Release|Any CPU.Build.0 = Release|Any CPU
		{AA6385DD-DFBC-4CFB-977C-5BC463E21E4E}.Debug|Any CPU.ActiveCfg = Debug|Any CPU
		{AA6385DD-DFBC-4CFB-977C-5BC463E21E4E}.Debug|Any CPU.Build.0 = Debug|Any CPU
		{AA6385DD-DFBC-4CFB-977C-5BC463E21E4E}.Release|Any CPU.ActiveCfg = Release|Any CPU
		{AA6385DD-DFBC-4CFB-977C-5BC463E21E4E}.Release|Any CPU.Build.0 = Release|Any CPU
		{0C909E76-0238-4FAC-8FFB-EDD7EE583689}.Debug|Any CPU.ActiveCfg = Debug|Any CPU
		{0C909E76-0238-4FAC-8FFB-EDD7EE583689}.Debug|Any CPU.Build.0 = Debug|Any CPU
		{0C909E76-0238-4FAC-8FFB-EDD7EE583689}.Release|Any CPU.ActiveCfg = Release|Any CPU
		{0C909E76-0238-4FAC-8FFB-EDD7EE583689}.Release|Any CPU.Build.0 = Release|Any CPU
		{0DE1CFB4-9330-42A1-971F-B9611EBA5864}.Debug|Any CPU.ActiveCfg = Debug|Any CPU
		{0DE1CFB4-9330-42A1-971F-B9611EBA5864}.Debug|Any CPU.Build.0 = Debug|Any CPU
		{0DE1CFB4-9330-42A1-971F-B9611EBA5864}.Release|Any CPU.ActiveCfg = Release|Any CPU
		{0DE1CFB4-9330-42A1-971F-B9611EBA5864}.Release|Any CPU.Build.0 = Release|Any CPU
	EndGlobalSection
	GlobalSection(SolutionProperties) = preSolution
		HideSolutionNode = FALSE
	EndGlobalSection
	GlobalSection(ExtensibilityGlobals) = postSolution
		SolutionGuid = {4C1C68C3-CB9C-42EE-B6F1-6DC34784CF18}
	EndGlobalSection
EndGlobal
